
Microsoft Visual Studio Solution File, Format Version 12.00
# Visual Studio 15
VisualStudioVersion = 15.0.27703.1
MinimumVisualStudioVersion = 10.0.40219.1
Project("{8BC9CEB8-8B4A-11D0-8D11-00A0C91BC942}") = "ggsample13", "ggsample13.vcxproj", "{210FAA0C-6371-4672-9E24-64F2537D82ED}"
EndProject
Global
	GlobalSection(SolutionConfigurationPlatforms) = preSolution
		Debug|Win32 = Debug|Win32
		Debug|x64 = Debug|x64
		Release|Win32 = Release|Win32
		Release|x64 = Release|x64
	EndGlobalSection
	GlobalSection(ProjectConfigurationPlatforms) = postSolution
		{210FAA0C-6371-4672-9E24-64F2537D82ED}.Debug|Win32.ActiveCfg = Debug|Win32
		{210FAA0C-6371-4672-9E24-64F2537D82ED}.Debug|Win32.Build.0 = Debug|Win32
		{210FAA0C-6371-4672-9E24-64F2537D82ED}.Debug|x64.ActiveCfg = Debug|x64
		{210FAA0C-6371-4672-9E24-64F2537D82ED}.Debug|x64.Build.0 = Debug|x64
		{210FAA0C-6371-4672-9E24-64F2537D82ED}.Release|Win32.ActiveCfg = Release|Win32
		{210FAA0C-6371-4672-9E24-64F2537D82ED}.Release|Win32.Build.0 = Release|Win32
		{210FAA0C-6371-4672-9E24-64F2537D82ED}.Release|x64.ActiveCfg = Release|x64
		{210FAA0C-6371-4672-9E24-64F2537D82ED}.Release|x64.Build.0 = Release|x64
	EndGlobalSection
	GlobalSection(SolutionProperties) = preSolution
		HideSolutionNode = FALSE
	EndGlobalSection
	GlobalSection(ExtensibilityGlobals) = postSolution
		SolutionGuid = {CA1425B2-5391-4124-B422-E020DF84C704}
	EndGlobalSection
EndGlobal
